
Microsoft Visual Studio Solution File, Format Version 12.00
# Visual Studio Version 17
VisualStudioVersion = 17.3.32811.315
MinimumVisualStudioVersion = 10.0.40219.1
Project("{9A19103F-16F7-4668-BE54-9A1E7A4F7556}") = "ApiDigitalDesign", "ApiDigitalDesign\ApiDigitalDesign.csproj", "{70F49365-5DFF-4468-BD9F-BCEA4082F6A5}"
EndProject
Project("{9A19103F-16F7-4668-BE54-9A1E7A4F7556}") = "DAL", "DAL\DAL.csproj", "{278E3F9D-C22F-4EFF-BBFA-8E825AB72BA5}"
EndProject
Project("{9A19103F-16F7-4668-BE54-9A1E7A4F7556}") = "Common", "Common\Common.csproj", "{4776639B-E7F2-4F80-8179-026AF91B9664}"
EndProject
Global
	GlobalSection(SolutionConfigurationPlatforms) = preSolution
		Debug|Any CPU = Debug|Any CPU
		Release|Any CPU = Release|Any CPU
	EndGlobalSection
	GlobalSection(ProjectConfigurationPlatforms) = postSolution
		{70F49365-5DFF-4468-BD9F-BCEA4082F6A5}.Debug|Any CPU.ActiveCfg = Debug|Any CPU
		{70F49365-5DFF-4468-BD9F-BCEA4082F6A5}.Debug|Any CPU.Build.0 = Debug|Any CPU
		{70F49365-5DFF-4468-BD9F-BCEA4082F6A5}.Release|Any CPU.ActiveCfg = Release|Any CPU
		{70F49365-5DFF-4468-BD9F-BCEA4082F6A5}.Release|Any CPU.Build.0 = Release|Any CPU
		{278E3F9D-C22F-4EFF-BBFA-8E825AB72BA5}.Debug|Any CPU.ActiveCfg = Debug|Any CPU
		{278E3F9D-C22F-4EFF-BBFA-8E825AB72BA5}.Debug|Any CPU.Build.0 = Debug|Any CPU
		{278E3F9D-C22F-4EFF-BBFA-8E825AB72BA5}.Release|Any CPU.ActiveCfg = Release|Any CPU
		{278E3F9D-C22F-4EFF-BBFA-8E825AB72BA5}.Release|Any CPU.Build.0 = Release|Any CPU
		{4776639B-E7F2-4F80-8179-026AF91B9664}.Debug|Any CPU.ActiveCfg = Debug|Any CPU
		{4776639B-E7F2-4F80-8179-026AF91B9664}.Debug|Any CPU.Build.0 = Debug|Any CPU
		{4776639B-E7F2-4F80-8179-026AF91B9664}.Release|Any CPU.ActiveCfg = Release|Any CPU
		{4776639B-E7F2-4F80-8179-026AF91B9664}.Release|Any CPU.Build.0 = Release|Any CPU
	EndGlobalSection
	GlobalSection(SolutionProperties) = preSolution
		HideSolutionNode = FALSE
	EndGlobalSection
	GlobalSection(ExtensibilityGlobals) = postSolution
		SolutionGuid = {B0F75767-5B27-4DD2-826C-E99F2BCDBF39}
	EndGlobalSection
EndGlobal
